
Microsoft Visual Studio Solution File, Format Version 12.00
# Visual Studio 2013
VisualStudioVersion = 12.0.31101.0
MinimumVisualStudioVersion = 10.0.40219.1
Project("{262852C6-CD72-467D-83FE-5EEB1973A190}") = "IonicBlankTemplate", "IonicBlankTemplate\IonicBlankTemplate.jsproj", "{0D05EE48-C3FF-4838-A95D-C3A8E3469E79}"
EndProject
Project("{262852C6-CD72-467D-83FE-5EEB1973A190}") = "IonicLoginTemplate", "IonicLoginTemplate\IonicLoginTemplate.jsproj", "{F8E9087A-E3A7-4974-8FE7-2A081AEFECB9}"
EndProject
Project("{262852C6-CD72-467D-83FE-5EEB1973A190}") = "IonicSideMenuTemplate", "IonicSideMenuTemplate\IonicSideMenuTemplate.jsproj", "{1F206072-ADAF-43DC-A643-19804E21CFAD}"
EndProject
Project("{262852C6-CD72-467D-83FE-5EEB1973A190}") = "IonicSignupTemplate", "IonicSignupTemplate\IonicSignupTemplate.jsproj", "{E0B7DBC3-AF1A-407F-80BD-80FD3B0B92A9}"
EndProject
Project("{262852C6-CD72-467D-83FE-5EEB1973A190}") = "IonicTabTemplate", "IonicTabTemplate\IonicTabTemplate.jsproj", "{EEA76DCE-6C3D-44AE-9B27-B52888E67BF6}"
EndProject
Project("{FAE04EC0-301F-11D3-BF4B-00C04F79EFBC}") = "IonicProjectTemplatesExtension", "IonicProjectTemplatesExtension\IonicProjectTemplatesExtension.csproj", "{CA0175F1-03D4-4D39-B38C-6E180F7C0584}"
EndProject
Global
	GlobalSection(SolutionConfigurationPlatforms) = preSolution
		Debug|Android = Debug|Android
		Debug|Any CPU = Debug|Any CPU
		Debug|iOS = Debug|iOS
		Debug|Mixed Platforms = Debug|Mixed Platforms
		Debug|Windows Phone (Universal) = Debug|Windows Phone (Universal)
		Debug|Windows Phone 8 = Debug|Windows Phone 8
		Debug|Windows-AnyCPU = Debug|Windows-AnyCPU
		Debug|Windows-ARM = Debug|Windows-ARM
		Debug|Windows-x64 = Debug|Windows-x64
		Debug|Windows-x86 = Debug|Windows-x86
		Distribution|Android = Distribution|Android
		Distribution|Any CPU = Distribution|Any CPU
		Distribution|iOS = Distribution|iOS
		Distribution|Mixed Platforms = Distribution|Mixed Platforms
		Distribution|Windows Phone (Universal) = Distribution|Windows Phone (Universal)
		Distribution|Windows Phone 8 = Distribution|Windows Phone 8
		Distribution|Windows-AnyCPU = Distribution|Windows-AnyCPU
		Distribution|Windows-ARM = Distribution|Windows-ARM
		Distribution|Windows-x64 = Distribution|Windows-x64
		Distribution|Windows-x86 = Distribution|Windows-x86
		Release|Android = Release|Android
		Release|Any CPU = Release|Any CPU
		Release|iOS = Release|iOS
		Release|Mixed Platforms = Release|Mixed Platforms
		Release|Windows Phone (Universal) = Release|Windows Phone (Universal)
		Release|Windows Phone 8 = Release|Windows Phone 8
		Release|Windows-AnyCPU = Release|Windows-AnyCPU
		Release|Windows-ARM = Release|Windows-ARM
		Release|Windows-x64 = Release|Windows-x64
		Release|Windows-x86 = Release|Windows-x86
	EndGlobalSection
	GlobalSection(ProjectConfigurationPlatforms) = postSolution
		{0D05EE48-C3FF-4838-A95D-C3A8E3469E79}.Debug|Android.ActiveCfg = Debug|Android
		{0D05EE48-C3FF-4838-A95D-C3A8E3469E79}.Debug|Android.Build.0 = Debug|Android
		{0D05EE48-C3FF-4838-A95D-C3A8E3469E79}.Debug|Android.Deploy.0 = Debug|Android
		{0D05EE48-C3FF-4838-A95D-C3A8E3469E79}.Debug|Any CPU.ActiveCfg = Debug|Android
		{0D05EE48-C3FF-4838-A95D-C3A8E3469E79}.Debug|iOS.ActiveCfg = Debug|iOS
		{0D05EE48-C3FF-4838-A95D-C3A8E3469E79}.Debug|iOS.Build.0 = Debug|iOS
		{0D05EE48-C3FF-4838-A95D-C3A8E3469E79}.Debug|iOS.Deploy.0 = Debug|iOS
		{0D05EE48-C3FF-4838-A95D-C3A8E3469E79}.Debug|Mixed Platforms.ActiveCfg = Debug|Android
		{0D05EE48-C3FF-4838-A95D-C3A8E3469E79}.Debug|Mixed Platforms.Build.0 = Debug|Android
		{0D05EE48-C3FF-4838-A95D-C3A8E3469E79}.Debug|Mixed Platforms.Deploy.0 = Debug|Android
		{0D05EE48-C3FF-4838-A95D-C3A8E3469E79}.Debug|Windows Phone (Universal).ActiveCfg = Debug|Windows Phone (Universal)
		{0D05EE48-C3FF-4838-A95D-C3A8E3469E79}.Debug|Windows Phone (Universal).Build.0 = Debug|Windows Phone (Universal)
		{0D05EE48-C3FF-4838-A95D-C3A8E3469E79}.Debug|Windows Phone (Universal).Deploy.0 = Debug|Windows Phone (Universal)
		{0D05EE48-C3FF-4838-A95D-C3A8E3469E79}.Debug|Windows Phone 8.ActiveCfg = Debug|Windows Phone 8
		{0D05EE48-C3FF-4838-A95D-C3A8E3469E79}.Debug|Windows Phone 8.Build.0 = Debug|Windows Phone 8
		{0D05EE48-C3FF-4838-A95D-C3A8E3469E79}.Debug|Windows Phone 8.Deploy.0 = Debug|Windows Phone 8
		{0D05EE48-C3FF-4838-A95D-C3A8E3469E79}.Debug|Windows-AnyCPU.ActiveCfg = Debug|Windows-AnyCPU
		{0D05EE48-C3FF-4838-A95D-C3A8E3469E79}.Debug|Windows-AnyCPU.Build.0 = Debug|Windows-AnyCPU
		{0D05EE48-C3FF-4838-A95D-C3A8E3469E79}.Debug|Windows-AnyCPU.Deploy.0 = Debug|Windows-AnyCPU
		{0D05EE48-C3FF-4838-A95D-C3A8E3469E79}.Debug|Windows-ARM.ActiveCfg = Debug|Windows-ARM
		{0D05EE48-C3FF-4838-A95D-C3A8E3469E79}.Debug|Windows-ARM.Build.0 = Debug|Windows-ARM
		{0D05EE48-C3FF-4838-A95D-C3A8E3469E79}.Debug|Windows-ARM.Deploy.0 = Debug|Windows-ARM
		{0D05EE48-C3FF-4838-A95D-C3A8E3469E79}.Debug|Windows-x64.ActiveCfg = Debug|Windows-x64
		{0D05EE48-C3FF-4838-A95D-C3A8E3469E79}.Debug|Windows-x64.Build.0 = Debug|Windows-x64
		{0D05EE48-C3FF-4838-A95D-C3A8E3469E79}.Debug|Windows-x64.Deploy.0 = Debug|Windows-x64
		{0D05EE48-C3FF-4838-A95D-C3A8E3469E79}.Debug|Windows-x86.ActiveCfg = Debug|Windows-x86
		{0D05EE48-C3FF-4838-A95D-C3A8E3469E79}.Debug|Windows-x86.Build.0 = Debug|Windows-x86
		{0D05EE48-C3FF-4838-A95D-C3A8E3469E79}.Debug|Windows-x86.Deploy.0 = Debug|Windows-x86
		{0D05EE48-C3FF-4838-A95D-C3A8E3469E79}.Distribution|Android.ActiveCfg = Distribution|Android
		{0D05EE48-C3FF-4838-A95D-C3A8E3469E79}.Distribution|Android.Build.0 = Distribution|Android
		{0D05EE48-C3FF-4838-A95D-C3A8E3469E79}.Distribution|Android.Deploy.0 = Distribution|Android
		{0D05EE48-C3FF-4838-A95D-C3A8E3469E79}.Distribution|Any CPU.ActiveCfg = Distribution|Android
		{0D05EE48-C3FF-4838-A95D-C3A8E3469E79}.Distribution|iOS.ActiveCfg = Distribution|iOS
		{0D05EE48-C3FF-4838-A95D-C3A8E3469E79}.Distribution|iOS.Build.0 = Distribution|iOS
		{0D05EE48-C3FF-4838-A95D-C3A8E3469E79}.Distribution|iOS.Deploy.0 = Distribution|iOS
		{0D05EE48-C3FF-4838-A95D-C3A8E3469E79}.Distribution|Mixed Platforms.ActiveCfg = Distribution|Windows Phone (Universal)
		{0D05EE48-C3FF-4838-A95D-C3A8E3469E79}.Distribution|Mixed Platforms.Build.0 = Distribution|Windows Phone (Universal)
		{0D05EE48-C3FF-4838-A95D-C3A8E3469E79}.Distribution|Mixed Platforms.Deploy.0 = Distribution|Windows Phone (Universal)
		{0D05EE48-C3FF-4838-A95D-C3A8E3469E79}.Distribution|Windows Phone (Universal).ActiveCfg = Distribution|Windows Phone (Universal)
		{0D05EE48-C3FF-4838-A95D-C3A8E3469E79}.Distribution|Windows Phone (Universal).Build.0 = Distribution|Windows Phone (Universal)
		{0D05EE48-C3FF-4838-A95D-C3A8E3469E79}.Distribution|Windows Phone (Universal).Deploy.0 = Distribution|Windows Phone (Universal)
		{0D05EE48-C3FF-4838-A95D-C3A8E3469E79}.Distribution|Windows Phone 8.ActiveCfg = Distribution|Windows Phone 8
		{0D05EE48-C3FF-4838-A95D-C3A8E3469E79}.Distribution|Windows Phone 8.Build.0 = Distribution|Windows Phone 8
		{0D05EE48-C3FF-4838-A95D-C3A8E3469E79}.Distribution|Windows Phone 8.Deploy.0 = Distribution|Windows Phone 8
		{0D05EE48-C3FF-4838-A95D-C3A8E3469E79}.Distribution|Windows-AnyCPU.ActiveCfg = Distribution|Windows-AnyCPU
		{0D05EE48-C3FF-4838-A95D-C3A8E3469E79}.Distribution|Windows-AnyCPU.Build.0 = Distribution|Windows-AnyCPU
		{0D05EE48-C3FF-4838-A95D-C3A8E3469E79}.Distribution|Windows-AnyCPU.Deploy.0 = Distribution|Windows-AnyCPU
		{0D05EE48-C3FF-4838-A95D-C3A8E3469E79}.Distribution|Windows-ARM.ActiveCfg = Distribution|Windows-ARM
		{0D05EE48-C3FF-4838-A95D-C3A8E3469E79}.Distribution|Windows-ARM.Build.0 = Distribution|Windows-ARM
		{0D05EE48-C3FF-4838-A95D-C3A8E3469E79}.Distribution|Windows-ARM.Deploy.0 = Distribution|Windows-ARM
		{0D05EE48-C3FF-4838-A95D-C3A8E3469E79}.Distribution|Windows-x64.ActiveCfg = Distribution|Windows-x64
		{0D05EE48-C3FF-4838-A95D-C3A8E3469E79}.Distribution|Windows-x64.Build.0 = Distribution|Windows-x64
		{0D05EE48-C3FF-4838-A95D-C3A8E3469E79}.Distribution|Windows-x64.Deploy.0 = Distribution|Windows-x64
		{0D05EE48-C3FF-4838-A95D-C3A8E3469E79}.Distribution|Windows-x86.ActiveCfg = Distribution|Windows-x86
		{0D05EE48-C3FF-4838-A95D-C3A8E3469E79}.Distribution|Windows-x86.Build.0 = Distribution|Windows-x86
		{0D05EE48-C3FF-4838-A95D-C3A8E3469E79}.Distribution|Windows-x86.Deploy.0 = Distribution|Windows-x86
		{0D05EE48-C3FF-4838-A95D-C3A8E3469E79}.Release|Android.ActiveCfg = Release|Android
		{0D05EE48-C3FF-4838-A95D-C3A8E3469E79}.Release|Android.Build.0 = Release|Android
		{0D05EE48-C3FF-4838-A95D-C3A8E3469E79}.Release|Android.Deploy.0 = Release|Android
		{0D05EE48-C3FF-4838-A95D-C3A8E3469E79}.Release|Any CPU.ActiveCfg = Release|Android
		{0D05EE48-C3FF-4838-A95D-C3A8E3469E79}.Release|iOS.ActiveCfg = Release|iOS
		{0D05EE48-C3FF-4838-A95D-C3A8E3469E79}.Release|iOS.Build.0 = Release|iOS
		{0D05EE48-C3FF-4838-A95D-C3A8E3469E79}.Release|iOS.Deploy.0 = Release|iOS
		{0D05EE48-C3FF-4838-A95D-C3A8E3469E79}.Release|Mixed Platforms.ActiveCfg = Release|Android
		{0D05EE48-C3FF-4838-A95D-C3A8E3469E79}.Release|Mixed Platforms.Build.0 = Release|Android
		{0D05EE48-C3FF-4838-A95D-C3A8E3469E79}.Release|Mixed Platforms.Deploy.0 = Release|Android
		{0D05EE48-C3FF-4838-A95D-C3A8E3469E79}.Release|Windows Phone (Universal).ActiveCfg = Release|Windows Phone (Universal)
		{0D05EE48-C3FF-4838-A95D-C3A8E3469E79}.Release|Windows Phone (Universal).Build.0 = Release|Windows Phone (Universal)
		{0D05EE48-C3FF-4838-A95D-C3A8E3469E79}.Release|Windows Phone (Universal).Deploy.0 = Release|Windows Phone (Universal)
		{0D05EE48-C3FF-4838-A95D-C3A8E3469E79}.Release|Windows Phone 8.ActiveCfg = Release|Windows Phone 8
		{0D05EE48-C3FF-4838-A95D-C3A8E3469E79}.Release|Windows Phone 8.Build.0 = Release|Windows Phone 8
		{0D05EE48-C3FF-4838-A95D-C3A8E3469E79}.Release|Windows Phone 8.Deploy.0 = Release|Windows Phone 8
		{0D05EE48-C3FF-4838-A95D-C3A8E3469E79}.Release|Windows-AnyCPU.ActiveCfg = Release|Windows-AnyCPU
		{0D05EE48-C3FF-4838-A95D-C3A8E3469E79}.Release|Windows-AnyCPU.Build.0 = Release|Windows-AnyCPU
		{0D05EE48-C3FF-4838-A95D-C3A8E3469E79}.Release|Windows-AnyCPU.Deploy.0 = Release|Windows-AnyCPU
		{0D05EE48-C3FF-4838-A95D-C3A8E3469E79}.Release|Windows-ARM.ActiveCfg = Release|Windows-ARM
		{0D05EE48-C3FF-4838-A95D-C3A8E3469E79}.Release|Windows-ARM.Build.0 = Release|Windows-ARM
		{0D05EE48-C3FF-4838-A95D-C3A8E3469E79}.Release|Windows-ARM.Deploy.0 = Release|Windows-ARM
		{0D05EE48-C3FF-4838-A95D-C3A8E3469E79}.Release|Windows-x64.ActiveCfg = Release|Windows-x64
		{0D05EE48-C3FF-4838-A95D-C3A8E3469E79}.Release|Windows-x64.Build.0 = Release|Windows-x64
		{0D05EE48-C3FF-4838-A95D-C3A8E3469E79}.Release|Windows-x64.Deploy.0 = Release|Windows-x64
		{0D05EE48-C3FF-4838-A95D-C3A8E3469E79}.Release|Windows-x86.ActiveCfg = Release|Windows-x86
		{0D05EE48-C3FF-4838-A95D-C3A8E3469E79}.Release|Windows-x86.Build.0 = Release|Windows-x86
		{0D05EE48-C3FF-4838-A95D-C3A8E3469E79}.Release|Windows-x86.Deploy.0 = Release|Windows-x86
		{F8E9087A-E3A7-4974-8FE7-2A081AEFECB9}.Debug|Android.ActiveCfg = Debug|Android
		{F8E9087A-E3A7-4974-8FE7-2A081AEFECB9}.Debug|Android.Build.0 = Debug|Android
		{F8E9087A-E3A7-4974-8FE7-2A081AEFECB9}.Debug|Android.Deploy.0 = Debug|Android
		{F8E9087A-E3A7-4974-8FE7-2A081AEFECB9}.Debug|Any CPU.ActiveCfg = Debug|Android
		{F8E9087A-E3A7-4974-8FE7-2A081AEFECB9}.Debug|iOS.ActiveCfg = Debug|iOS
		{F8E9087A-E3A7-4974-8FE7-2A081AEFECB9}.Debug|iOS.Build.0 = Debug|iOS
		{F8E9087A-E3A7-4974-8FE7-2A081AEFECB9}.Debug|iOS.Deploy.0 = Debug|iOS
		{F8E9087A-E3A7-4974-8FE7-2A081AEFECB9}.Debug|Mixed Platforms.ActiveCfg = Debug|Android
		{F8E9087A-E3A7-4974-8FE7-2A081AEFECB9}.Debug|Mixed Platforms.Build.0 = Debug|Android
		{F8E9087A-E3A7-4974-8FE7-2A081AEFECB9}.Debug|Mixed Platforms.Deploy.0 = Debug|Android
		{F8E9087A-E3A7-4974-8FE7-2A081AEFECB9}.Debug|Windows Phone (Universal).ActiveCfg = Debug|Windows Phone (Universal)
		{F8E9087A-E3A7-4974-8FE7-2A081AEFECB9}.Debug|Windows Phone (Universal).Build.0 = Debug|Windows Phone (Universal)
		{F8E9087A-E3A7-4974-8FE7-2A081AEFECB9}.Debug|Windows Phone (Universal).Deploy.0 = Debug|Windows Phone (Universal)
		{F8E9087A-E3A7-4974-8FE7-2A081AEFECB9}.Debug|Windows Phone 8.ActiveCfg = Debug|Windows Phone 8
		{F8E9087A-E3A7-4974-8FE7-2A081AEFECB9}.Debug|Windows Phone 8.Build.0 = Debug|Windows Phone 8
		{F8E9087A-E3A7-4974-8FE7-2A081AEFECB9}.Debug|Windows Phone 8.Deploy.0 = Debug|Windows Phone 8
		{F8E9087A-E3A7-4974-8FE7-2A081AEFECB9}.Debug|Windows-AnyCPU.ActiveCfg = Debug|Windows-AnyCPU
		{F8E9087A-E3A7-4974-8FE7-2A081AEFECB9}.Debug|Windows-AnyCPU.Build.0 = Debug|Windows-AnyCPU
		{F8E9087A-E3A7-4974-8FE7-2A081AEFECB9}.Debug|Windows-AnyCPU.Deploy.0 = Debug|Windows-AnyCPU
		{F8E9087A-E3A7-4974-8FE7-2A081AEFECB9}.Debug|Windows-ARM.ActiveCfg = Debug|Windows-ARM
		{F8E9087A-E3A7-4974-8FE7-2A081AEFECB9}.Debug|Windows-ARM.Build.0 = Debug|Windows-ARM
		{F8E9087A-E3A7-4974-8FE7-2A081AEFECB9}.Debug|Windows-ARM.Deploy.0 = Debug|Windows-ARM
		{F8E9087A-E3A7-4974-8FE7-2A081AEFECB9}.Debug|Windows-x64.ActiveCfg = Debug|Windows-x64
		{F8E9087A-E3A7-4974-8FE7-2A081AEFECB9}.Debug|Windows-x64.Build.0 = Debug|Windows-x64
		{F8E9087A-E3A7-4974-8FE7-2A081AEFECB9}.Debug|Windows-x64.Deploy.0 = Debug|Windows-x64
		{F8E9087A-E3A7-4974-8FE7-2A081AEFECB9}.Debug|Windows-x86.ActiveCfg = Debug|Windows-x86
		{F8E9087A-E3A7-4974-8FE7-2A081AEFECB9}.Debug|Windows-x86.Build.0 = Debug|Windows-x86
		{F8E9087A-E3A7-4974-8FE7-2A081AEFECB9}.Debug|Windows-x86.Deploy.0 = Debug|Windows-x86
		{F8E9087A-E3A7-4974-8FE7-2A081AEFECB9}.Distribution|Android.ActiveCfg = Distribution|Android
		{F8E9087A-E3A7-4974-8FE7-2A081AEFECB9}.Distribution|Android.Build.0 = Distribution|Android
		{F8E9087A-E3A7-4974-8FE7-2A081AEFECB9}.Distribution|Android.Deploy.0 = Distribution|Android
		{F8E9087A-E3A7-4974-8FE7-2A081AEFECB9}.Distribution|Any CPU.ActiveCfg = Distribution|Android
		{F8E9087A-E3A7-4974-8FE7-2A081AEFECB9}.Distribution|iOS.ActiveCfg = Distribution|iOS
		{F8E9087A-E3A7-4974-8FE7-2A081AEFECB9}.Distribution|iOS.Build.0 = Distribution|iOS
		{F8E9087A-E3A7-4974-8FE7-2A081AEFECB9}.Distribution|iOS.Deploy.0 = Distribution|iOS
		{F8E9087A-E3A7-4974-8FE7-2A081AEFECB9}.Distribution|Mixed Platforms.ActiveCfg = Distribution|Windows Phone (Universal)
		{F8E9087A-E3A7-4974-8FE7-2A081AEFECB9}.Distribution|Mixed Platforms.Build.0 = Distribution|Windows Phone (Universal)
		{F8E9087A-E3A7-4974-8FE7-2A081AEFECB9}.Distribution|Mixed Platforms.Deploy.0 = Distribution|Windows Phone (Universal)
		{F8E9087A-E3A7-4974-8FE7-2A081AEFECB9}.Distribution|Windows Phone (Universal).ActiveCfg = Distribution|Windows Phone (Universal)
		{F8E9087A-E3A7-4974-8FE7-2A081AEFECB9}.Distribution|Windows Phone (Universal).Build.0 = Distribution|Windows Phone (Universal)
		{F8E9087A-E3A7-4974-8FE7-2A081AEFECB9}.Distribution|Windows Phone (Universal).Deploy.0 = Distribution|Windows Phone (Universal)
		{F8E9087A-E3A7-4974-8FE7-2A081AEFECB9}.Distribution|Windows Phone 8.ActiveCfg = Distribution|Windows Phone 8
		{F8E9087A-E3A7-4974-8FE7-2A081AEFECB9}.Distribution|Windows Phone 8.Build.0 = Distribution|Windows Phone 8
		{F8E9087A-E3A7-4974-8FE7-2A081AEFECB9}.Distribution|Windows Phone 8.Deploy.0 = Distribution|Windows Phone 8
		{F8E9087A-E3A7-4974-8FE7-2A081AEFECB9}.Distribution|Windows-AnyCPU.ActiveCfg = Distribution|Windows-AnyCPU
		{F8E9087A-E3A7-4974-8FE7-2A081AEFECB9}.Distribution|Windows-AnyCPU.Build.0 = Distribution|Windows-AnyCPU
		{F8E9087A-E3A7-4974-8FE7-2A081AEFECB9}.Distribution|Windows-AnyCPU.Deploy.0 = Distribution|Windows-AnyCPU
		{F8E9087A-E3A7-4974-8FE7-2A081AEFECB9}.Distribution|Windows-ARM.ActiveCfg = Distribution|Windows-ARM
		{F8E9087A-E3A7-4974-8FE7-2A081AEFECB9}.Distribution|Windows-ARM.Build.0 = Distribution|Windows-ARM
		{F8E9087A-E3A7-4974-8FE7-2A081AEFECB9}.Distribution|Windows-ARM.Deploy.0 = Distribution|Windows-ARM
		{F8E9087A-E3A7-4974-8FE7-2A081AEFECB9}.Distribution|Windows-x64.ActiveCfg = Distribution|Windows-x64
		{F8E9087A-E3A7-4974-8FE7-2A081AEFECB9}.Distribution|Windows-x64.Build.0 = Distribution|Windows-x64
		{F8E9087A-E3A7-4974-8FE7-2A081AEFECB9}.Distribution|Windows-x64.Deploy.0 = Distribution|Windows-x64
		{F8E9087A-E3A7-4974-8FE7-2A081AEFECB9}.Distribution|Windows-x86.ActiveCfg = Distribution|Windows-x86
		{F8E9087A-E3A7-4974-8FE7-2A081AEFECB9}.Distribution|Windows-x86.Build.0 = Distribution|Windows-x86
		{F8E9087A-E3A7-4974-8FE7-2A081AEFECB9}.Distribution|Windows-x86.Deploy.0 = Distribution|Windows-x86
		{F8E9087A-E3A7-4974-8FE7-2A081AEFECB9}.Release|Android.ActiveCfg = Release|Android
		{F8E9087A-E3A7-4974-8FE7-2A081AEFECB9}.Release|Android.Build.0 = Release|Android
		{F8E9087A-E3A7-4974-8FE7-2A081AEFECB9}.Release|Android.Deploy.0 = Release|Android
		{F8E9087A-E3A7-4974-8FE7-2A081AEFECB9}.Release|Any CPU.ActiveCfg = Release|Android
		{F8E9087A-E3A7-4974-8FE7-2A081AEFECB9}.Release|iOS.ActiveCfg = Release|iOS
		{F8E9087A-E3A7-4974-8FE7-2A081AEFECB9}.Release|iOS.Build.0 = Release|iOS
		{F8E9087A-E3A7-4974-8FE7-2A081AEFECB9}.Release|iOS.Deploy.0 = Release|iOS
		{F8E9087A-E3A7-4974-8FE7-2A081AEFECB9}.Release|Mixed Platforms.ActiveCfg = Release|Android
		{F8E9087A-E3A7-4974-8FE7-2A081AEFECB9}.Release|Mixed Platforms.Build.0 = Release|Android
		{F8E9087A-E3A7-4974-8FE7-2A081AEFECB9}.Release|Mixed Platforms.Deploy.0 = Release|Android
		{F8E9087A-E3A7-4974-8FE7-2A081AEFECB9}.Release|Windows Phone (Universal).ActiveCfg = Release|Windows Phone (Universal)
		{F8E9087A-E3A7-4974-8FE7-2A081AEFECB9}.Release|Windows Phone (Universal).Build.0 = Release|Windows Phone (Universal)
		{F8E9087A-E3A7-4974-8FE7-2A081AEFECB9}.Release|Windows Phone (Universal).Deploy.0 = Release|Windows Phone (Universal)
		{F8E9087A-E3A7-4974-8FE7-2A081AEFECB9}.Release|Windows Phone 8.ActiveCfg = Release|Windows Phone 8
		{F8E9087A-E3A7-4974-8FE7-2A081AEFECB9}.Release|Windows Phone 8.Build.0 = Release|Windows Phone 8
		{F8E9087A-E3A7-4974-8FE7-2A081AEFECB9}.Release|Windows Phone 8.Deploy.0 = Release|Windows Phone 8
		{F8E9087A-E3A7-4974-8FE7-2A081AEFECB9}.Release|Windows-AnyCPU.ActiveCfg = Release|Windows-AnyCPU
		{F8E9087A-E3A7-4974-8FE7-2A081AEFECB9}.Release|Windows-AnyCPU.Build.0 = Release|Windows-AnyCPU
		{F8E9087A-E3A7-4974-8FE7-2A081AEFECB9}.Release|Windows-AnyCPU.Deploy.0 = Release|Windows-AnyCPU
		{F8E9087A-E3A7-4974-8FE7-2A081AEFECB9}.Release|Windows-ARM.ActiveCfg = Release|Windows-ARM
		{F8E9087A-E3A7-4974-8FE7-2A081AEFECB9}.Release|Windows-ARM.Build.0 = Release|Windows-ARM
		{F8E9087A-E3A7-4974-8FE7-2A081AEFECB9}.Release|Windows-ARM.Deploy.0 = Release|Windows-ARM
		{F8E9087A-E3A7-4974-8FE7-2A081AEFECB9}.Release|Windows-x64.ActiveCfg = Release|Windows-x64
		{F8E9087A-E3A7-4974-8FE7-2A081AEFECB9}.Release|Windows-x64.Build.0 = Release|Windows-x64
		{F8E9087A-E3A7-4974-8FE7-2A081AEFECB9}.Release|Windows-x64.Deploy.0 = Release|Windows-x64
		{F8E9087A-E3A7-4974-8FE7-2A081AEFECB9}.Release|Windows-x86.ActiveCfg = Release|Windows-x86
		{F8E9087A-E3A7-4974-8FE7-2A081AEFECB9}.Release|Windows-x86.Build.0 = Release|Windows-x86
		{F8E9087A-E3A7-4974-8FE7-2A081AEFECB9}.Release|Windows-x86.Deploy.0 = Release|Windows-x86
		{1F206072-ADAF-43DC-A643-19804E21CFAD}.Debug|Android.ActiveCfg = Debug|Android
		{1F206072-ADAF-43DC-A643-19804E21CFAD}.Debug|Android.Build.0 = Debug|Android
		{1F206072-ADAF-43DC-A643-19804E21CFAD}.Debug|Android.Deploy.0 = Debug|Android
		{1F206072-ADAF-43DC-A643-19804E21CFAD}.Debug|Any CPU.ActiveCfg = Debug|Android
		{1F206072-ADAF-43DC-A643-19804E21CFAD}.Debug|iOS.ActiveCfg = Debug|iOS
		{1F206072-ADAF-43DC-A643-19804E21CFAD}.Debug|iOS.Build.0 = Debug|iOS
		{1F206072-ADAF-43DC-A643-19804E21CFAD}.Debug|iOS.Deploy.0 = Debug|iOS
		{1F206072-ADAF-43DC-A643-19804E21CFAD}.Debug|Mixed Platforms.ActiveCfg = Debug|Android
		{1F206072-ADAF-43DC-A643-19804E21CFAD}.Debug|Mixed Platforms.Build.0 = Debug|Android
		{1F206072-ADAF-43DC-A643-19804E21CFAD}.Debug|Mixed Platforms.Deploy.0 = Debug|Android
		{1F206072-ADAF-43DC-A643-19804E21CFAD}.Debug|Windows Phone (Universal).ActiveCfg = Debug|Windows Phone (Universal)
		{1F206072-ADAF-43DC-A643-19804E21CFAD}.Debug|Windows Phone (Universal).Build.0 = Debug|Windows Phone (Universal)
		{1F206072-ADAF-43DC-A643-19804E21CFAD}.Debug|Windows Phone (Universal).Deploy.0 = Debug|Windows Phone (Universal)
		{1F206072-ADAF-43DC-A643-19804E21CFAD}.Debug|Windows Phone 8.ActiveCfg = Debug|Windows Phone 8
		{1F206072-ADAF-43DC-A643-19804E21CFAD}.Debug|Windows Phone 8.Build.0 = Debug|Windows Phone 8
		{1F206072-ADAF-43DC-A643-19804E21CFAD}.Debug|Windows Phone 8.Deploy.0 = Debug|Windows Phone 8
		{1F206072-ADAF-43DC-A643-19804E21CFAD}.Debug|Windows-AnyCPU.ActiveCfg = Debug|Windows-AnyCPU
		{1F206072-ADAF-43DC-A643-19804E21CFAD}.Debug|Windows-AnyCPU.Build.0 = Debug|Windows-AnyCPU
		{1F206072-ADAF-43DC-A643-19804E21CFAD}.Debug|Windows-AnyCPU.Deploy.0 = Debug|Windows-AnyCPU
		{1F206072-ADAF-43DC-A643-19804E21CFAD}.Debug|Windows-ARM.ActiveCfg = Debug|Windows-ARM
		{1F206072-ADAF-43DC-A643-19804E21CFAD}.Debug|Windows-ARM.Build.0 = Debug|Windows-ARM
		{1F206072-ADAF-43DC-A643-19804E21CFAD}.Debug|Windows-ARM.Deploy.0 = Debug|Windows-ARM
		{1F206072-ADAF-43DC-A643-19804E21CFAD}.Debug|Windows-x64.ActiveCfg = Debug|Windows-x64
		{1F206072-ADAF-43DC-A643-19804E21CFAD}.Debug|Windows-x64.Build.0 = Debug|Windows-x64
		{1F206072-ADAF-43DC-A643-19804E21CFAD}.Debug|Windows-x64.Deploy.0 = Debug|Windows-x64
		{1F206072-ADAF-43DC-A643-19804E21CFAD}.Debug|Windows-x86.ActiveCfg = Debug|Windows-x86
		{1F206072-ADAF-43DC-A643-19804E21CFAD}.Debug|Windows-x86.Build.0 = Debug|Windows-x86
		{1F206072-ADAF-43DC-A643-19804E21CFAD}.Debug|Windows-x86.Deploy.0 = Debug|Windows-x86
		{1F206072-ADAF-43DC-A643-19804E21CFAD}.Distribution|Android.ActiveCfg = Distribution|Android
		{1F206072-ADAF-43DC-A643-19804E21CFAD}.Distribution|Android.Build.0 = Distribution|Android
		{1F206072-ADAF-43DC-A643-19804E21CFAD}.Distribution|Android.Deploy.0 = Distribution|Android
		{1F206072-ADAF-43DC-A643-19804E21CFAD}.Distribution|Any CPU.ActiveCfg = Distribution|Android
		{1F206072-ADAF-43DC-A643-19804E21CFAD}.Distribution|iOS.ActiveCfg = Distribution|iOS
		{1F206072-ADAF-43DC-A643-19804E21CFAD}.Distribution|iOS.Build.0 = Distribution|iOS
		{1F206072-ADAF-43DC-A643-19804E21CFAD}.Distribution|iOS.Deploy.0 = Distribution|iOS
		{1F206072-ADAF-43DC-A643-19804E21CFAD}.Distribution|Mixed Platforms.ActiveCfg = Distribution|Windows Phone (Universal)
		{1F206072-ADAF-43DC-A643-19804E21CFAD}.Distribution|Mixed Platforms.Build.0 = Distribution|Windows Phone (Universal)
		{1F206072-ADAF-43DC-A643-19804E21CFAD}.Distribution|Mixed Platforms.Deploy.0 = Distribution|Windows Phone (Universal)
		{1F206072-ADAF-43DC-A643-19804E21CFAD}.Distribution|Windows Phone (Universal).ActiveCfg = Distribution|Windows Phone (Universal)
		{1F206072-ADAF-43DC-A643-19804E21CFAD}.Distribution|Windows Phone (Universal).Build.0 = Distribution|Windows Phone (Universal)
		{1F206072-ADAF-43DC-A643-19804E21CFAD}.Distribution|Windows Phone (Universal).Deploy.0 = Distribution|Windows Phone (Universal)
		{1F206072-ADAF-43DC-A643-19804E21CFAD}.Distribution|Windows Phone 8.ActiveCfg = Distribution|Windows Phone 8
		{1F206072-ADAF-43DC-A643-19804E21CFAD}.Distribution|Windows Phone 8.Build.0 = Distribution|Windows Phone 8
		{1F206072-ADAF-43DC-A643-19804E21CFAD}.Distribution|Windows Phone 8.Deploy.0 = Distribution|Windows Phone 8
		{1F206072-ADAF-43DC-A643-19804E21CFAD}.Distribution|Windows-AnyCPU.ActiveCfg = Distribution|Windows-AnyCPU
		{1F206072-ADAF-43DC-A643-19804E21CFAD}.Distribution|Windows-AnyCPU.Build.0 = Distribution|Windows-AnyCPU
		{1F206072-ADAF-43DC-A643-19804E21CFAD}.Distribution|Windows-AnyCPU.Deploy.0 = Distribution|Windows-AnyCPU
		{1F206072-ADAF-43DC-A643-19804E21CFAD}.Distribution|Windows-ARM.ActiveCfg = Distribution|Windows-ARM
		{1F206072-ADAF-43DC-A643-19804E21CFAD}.Distribution|Windows-ARM.Build.0 = Distribution|Windows-ARM
		{1F206072-ADAF-43DC-A643-19804E21CFAD}.Distribution|Windows-ARM.Deploy.0 = Distribution|Windows-ARM
		{1F206072-ADAF-43DC-A643-19804E21CFAD}.Distribution|Windows-x64.ActiveCfg = Distribution|Windows-x64
		{1F206072-ADAF-43DC-A643-19804E21CFAD}.Distribution|Windows-x64.Build.0 = Distribution|Windows-x64
		{1F206072-ADAF-43DC-A643-19804E21CFAD}.Distribution|Windows-x64.Deploy.0 = Distribution|Windows-x64
		{1F206072-ADAF-43DC-A643-19804E21CFAD}.Distribution|Windows-x86.ActiveCfg = Distribution|Windows-x86
		{1F206072-ADAF-43DC-A643-19804E21CFAD}.Distribution|Windows-x86.Build.0 = Distribution|Windows-x86
		{1F206072-ADAF-43DC-A643-19804E21CFAD}.Distribution|Windows-x86.Deploy.0 = Distribution|Windows-x86
		{1F206072-ADAF-43DC-A643-19804E21CFAD}.Release|Android.ActiveCfg = Release|Android
		{1F206072-ADAF-43DC-A643-19804E21CFAD}.Release|Android.Build.0 = Release|Android
		{1F206072-ADAF-43DC-A643-19804E21CFAD}.Release|Android.Deploy.0 = Release|Android
		{1F206072-ADAF-43DC-A643-19804E21CFAD}.Release|Any CPU.ActiveCfg = Release|Android
		{1F206072-ADAF-43DC-A643-19804E21CFAD}.Release|iOS.ActiveCfg = Release|iOS
		{1F206072-ADAF-43DC-A643-19804E21CFAD}.Release|iOS.Build.0 = Release|iOS
		{1F206072-ADAF-43DC-A643-19804E21CFAD}.Release|iOS.Deploy.0 = Release|iOS
		{1F206072-ADAF-43DC-A643-19804E21CFAD}.Release|Mixed Platforms.ActiveCfg = Release|Android
		{1F206072-ADAF-43DC-A643-19804E21CFAD}.Release|Mixed Platforms.Build.0 = Release|Android
		{1F206072-ADAF-43DC-A643-19804E21CFAD}.Release|Mixed Platforms.Deploy.0 = Release|Android
		{1F206072-ADAF-43DC-A643-19804E21CFAD}.Release|Windows Phone (Universal).ActiveCfg = Release|Windows Phone (Universal)
		{1F206072-ADAF-43DC-A643-19804E21CFAD}.Release|Windows Phone (Universal).Build.0 = Release|Windows Phone (Universal)
		{1F206072-ADAF-43DC-A643-19804E21CFAD}.Release|Windows Phone (Universal).Deploy.0 = Release|Windows Phone (Universal)
		{1F206072-ADAF-43DC-A643-19804E21CFAD}.Release|Windows Phone 8.ActiveCfg = Release|Windows Phone 8
		{1F206072-ADAF-43DC-A643-19804E21CFAD}.Release|Windows Phone 8.Build.0 = Release|Windows Phone 8
		{1F206072-ADAF-43DC-A643-19804E21CFAD}.Release|Windows Phone 8.Deploy.0 = Release|Windows Phone 8
		{1F206072-ADAF-43DC-A643-19804E21CFAD}.Release|Windows-AnyCPU.ActiveCfg = Release|Windows-AnyCPU
		{1F206072-ADAF-43DC-A643-19804E21CFAD}.Release|Windows-AnyCPU.Build.0 = Release|Windows-AnyCPU
		{1F206072-ADAF-43DC-A643-19804E21CFAD}.Release|Windows-AnyCPU.Deploy.0 = Release|Windows-AnyCPU
		{1F206072-ADAF-43DC-A643-19804E21CFAD}.Release|Windows-ARM.ActiveCfg = Release|Windows-ARM
		{1F206072-ADAF-43DC-A643-19804E21CFAD}.Release|Windows-ARM.Build.0 = Release|Windows-ARM
		{1F206072-ADAF-43DC-A643-19804E21CFAD}.Release|Windows-ARM.Deploy.0 = Release|Windows-ARM
		{1F206072-ADAF-43DC-A643-19804E21CFAD}.Release|Windows-x64.ActiveCfg = Release|Windows-x64
		{1F206072-ADAF-43DC-A643-19804E21CFAD}.Release|Windows-x64.Build.0 = Release|Windows-x64
		{1F206072-ADAF-43DC-A643-19804E21CFAD}.Release|Windows-x64.Deploy.0 = Release|Windows-x64
		{1F206072-ADAF-43DC-A643-19804E21CFAD}.Release|Windows-x86.ActiveCfg = Release|Windows-x86
		{1F206072-ADAF-43DC-A643-19804E21CFAD}.Release|Windows-x86.Build.0 = Release|Windows-x86
		{1F206072-ADAF-43DC-A643-19804E21CFAD}.Release|Windows-x86.Deploy.0 = Release|Windows-x86
		{E0B7DBC3-AF1A-407F-80BD-80FD3B0B92A9}.Debug|Android.ActiveCfg = Debug|Android
		{E0B7DBC3-AF1A-407F-80BD-80FD3B0B92A9}.Debug|Android.Build.0 = Debug|Android
		{E0B7DBC3-AF1A-407F-80BD-80FD3B0B92A9}.Debug|Android.Deploy.0 = Debug|Android
		{E0B7DBC3-AF1A-407F-80BD-80FD3B0B92A9}.Debug|Any CPU.ActiveCfg = Debug|Android
		{E0B7DBC3-AF1A-407F-80BD-80FD3B0B92A9}.Debug|iOS.ActiveCfg = Debug|iOS
		{E0B7DBC3-AF1A-407F-80BD-80FD3B0B92A9}.Debug|iOS.Build.0 = Debug|iOS
		{E0B7DBC3-AF1A-407F-80BD-80FD3B0B92A9}.Debug|iOS.Deploy.0 = Debug|iOS
		{E0B7DBC3-AF1A-407F-80BD-80FD3B0B92A9}.Debug|Mixed Platforms.ActiveCfg = Debug|Android
		{E0B7DBC3-AF1A-407F-80BD-80FD3B0B92A9}.Debug|Mixed Platforms.Build.0 = Debug|Android
		{E0B7DBC3-AF1A-407F-80BD-80FD3B0B92A9}.Debug|Mixed Platforms.Deploy.0 = Debug|Android
		{E0B7DBC3-AF1A-407F-80BD-80FD3B0B92A9}.Debug|Windows Phone (Universal).ActiveCfg = Debug|Windows Phone (Universal)
		{E0B7DBC3-AF1A-407F-80BD-80FD3B0B92A9}.Debug|Windows Phone (Universal).Build.0 = Debug|Windows Phone (Universal)
		{E0B7DBC3-AF1A-407F-80BD-80FD3B0B92A9}.Debug|Windows Phone (Universal).Deploy.0 = Debug|Windows Phone (Universal)
		{E0B7DBC3-AF1A-407F-80BD-80FD3B0B92A9}.Debug|Windows Phone 8.ActiveCfg = Debug|Windows Phone 8
		{E0B7DBC3-AF1A-407F-80BD-80FD3B0B92A9}.Debug|Windows Phone 8.Build.0 = Debug|Windows Phone 8
		{E0B7DBC3-AF1A-407F-80BD-80FD3B0B92A9}.Debug|Windows Phone 8.Deploy.0 = Debug|Windows Phone 8
		{E0B7DBC3-AF1A-407F-80BD-80FD3B0B92A9}.Debug|Windows-AnyCPU.ActiveCfg = Debug|Windows-AnyCPU
		{E0B7DBC3-AF1A-407F-80BD-80FD3B0B92A9}.Debug|Windows-AnyCPU.Build.0 = Debug|Windows-AnyCPU
		{E0B7DBC3-AF1A-407F-80BD-80FD3B0B92A9}.Debug|Windows-AnyCPU.Deploy.0 = Debug|Windows-AnyCPU
		{E0B7DBC3-AF1A-407F-80BD-80FD3B0B92A9}.Debug|Windows-ARM.ActiveCfg = Debug|Windows-ARM
		{E0B7DBC3-AF1A-407F-80BD-80FD3B0B92A9}.Debug|Windows-ARM.Build.0 = Debug|Windows-ARM
		{E0B7DBC3-AF1A-407F-80BD-80FD3B0B92A9}.Debug|Windows-ARM.Deploy.0 = Debug|Windows-ARM
		{E0B7DBC3-AF1A-407F-80BD-80FD3B0B92A9}.Debug|Windows-x64.ActiveCfg = Debug|Windows-x64
		{E0B7DBC3-AF1A-407F-80BD-80FD3B0B92A9}.Debug|Windows-x64.Build.0 = Debug|Windows-x64
		{E0B7DBC3-AF1A-407F-80BD-80FD3B0B92A9}.Debug|Windows-x64.Deploy.0 = Debug|Windows-x64
		{E0B7DBC3-AF1A-407F-80BD-80FD3B0B92A9}.Debug|Windows-x86.ActiveCfg = Debug|Windows-x86
		{E0B7DBC3-AF1A-407F-80BD-80FD3B0B92A9}.Debug|Windows-x86.Build.0 = Debug|Windows-x86
		{E0B7DBC3-AF1A-407F-80BD-80FD3B0B92A9}.Debug|Windows-x86.Deploy.0 = Debug|Windows-x86
		{E0B7DBC3-AF1A-407F-80BD-80FD3B0B92A9}.Distribution|Android.ActiveCfg = Distribution|Android
		{E0B7DBC3-AF1A-407F-80BD-80FD3B0B92A9}.Distribution|Android.Build.0 = Distribution|Android
		{E0B7DBC3-AF1A-407F-80BD-80FD3B0B92A9}.Distribution|Android.Deploy.0 = Distribution|Android
		{E0B7DBC3-AF1A-407F-80BD-80FD3B0B92A9}.Distribution|Any CPU.ActiveCfg = Distribution|Android
		{E0B7DBC3-AF1A-407F-80BD-80FD3B0B92A9}.Distribution|iOS.ActiveCfg = Distribution|iOS
		{E0B7DBC3-AF1A-407F-80BD-80FD3B0B92A9}.Distribution|iOS.Build.0 = Distribution|iOS
		{E0B7DBC3-AF1A-407F-80BD-80FD3B0B92A9}.Distribution|iOS.Deploy.0 = Distribution|iOS
		{E0B7DBC3-AF1A-407F-80BD-80FD3B0B92A9}.Distribution|Mixed Platforms.ActiveCfg = Distribution|Windows Phone (Universal)
		{E0B7DBC3-AF1A-407F-80BD-80FD3B0B92A9}.Distribution|Mixed Platforms.Build.0 = Distribution|Windows Phone (Universal)
		{E0B7DBC3-AF1A-407F-80BD-80FD3B0B92A9}.Distribution|Mixed Platforms.Deploy.0 = Distribution|Windows Phone (Universal)
		{E0B7DBC3-AF1A-407F-80BD-80FD3B0B92A9}.Distribution|Windows Phone (Universal).ActiveCfg = Distribution|Windows Phone (Universal)
		{E0B7DBC3-AF1A-407F-80BD-80FD3B0B92A9}.Distribution|Windows Phone (Universal).Build.0 = Distribution|Windows Phone (Universal)
		{E0B7DBC3-AF1A-407F-80BD-80FD3B0B92A9}.Distribution|Windows Phone (Universal).Deploy.0 = Distribution|Windows Phone (Universal)
		{E0B7DBC3-AF1A-407F-80BD-80FD3B0B92A9}.Distribution|Windows Phone 8.ActiveCfg = Distribution|Windows Phone 8
		{E0B7DBC3-AF1A-407F-80BD-80FD3B0B92A9}.Distribution|Windows Phone 8.Build.0 = Distribution|Windows Phone 8
		{E0B7DBC3-AF1A-407F-80BD-80FD3B0B92A9}.Distribution|Windows Phone 8.Deploy.0 = Distribution|Windows Phone 8
		{E0B7DBC3-AF1A-407F-80BD-80FD3B0B92A9}.Distribution|Windows-AnyCPU.ActiveCfg = Distribution|Windows-AnyCPU
		{E0B7DBC3-AF1A-407F-80BD-80FD3B0B92A9}.Distribution|Windows-AnyCPU.Build.0 = Distribution|Windows-AnyCPU
		{E0B7DBC3-AF1A-407F-80BD-80FD3B0B92A9}.Distribution|Windows-AnyCPU.Deploy.0 = Distribution|Windows-AnyCPU
		{E0B7DBC3-AF1A-407F-80BD-80FD3B0B92A9}.Distribution|Windows-ARM.ActiveCfg = Distribution|Windows-ARM
		{E0B7DBC3-AF1A-407F-80BD-80FD3B0B92A9}.Distribution|Windows-ARM.Build.0 = Distribution|Windows-ARM
		{E0B7DBC3-AF1A-407F-80BD-80FD3B0B92A9}.Distribution|Windows-ARM.Deploy.0 = Distribution|Windows-ARM
		{E0B7DBC3-AF1A-407F-80BD-80FD3B0B92A9}.Distribution|Windows-x64.ActiveCfg = Distribution|Windows-x64
		{E0B7DBC3-AF1A-407F-80BD-80FD3B0B92A9}.Distribution|Windows-x64.Build.0 = Distribution|Windows-x64
		{E0B7DBC3-AF1A-407F-80BD-80FD3B0B92A9}.Distribution|Windows-x64.Deploy.0 = Distribution|Windows-x64
		{E0B7DBC3-AF1A-407F-80BD-80FD3B0B92A9}.Distribution|Windows-x86.ActiveCfg = Distribution|Windows-x86
		{E0B7DBC3-AF1A-407F-80BD-80FD3B0B92A9}.Distribution|Windows-x86.Build.0 = Distribution|Windows-x86
		{E0B7DBC3-AF1A-407F-80BD-80FD3B0B92A9}.Distribution|Windows-x86.Deploy.0 = Distribution|Windows-x86
		{E0B7DBC3-AF1A-407F-80BD-80FD3B0B92A9}.Release|Android.ActiveCfg = Release|Android
		{E0B7DBC3-AF1A-407F-80BD-80FD3B0B92A9}.Release|Android.Build.0 = Release|Android
		{E0B7DBC3-AF1A-407F-80BD-80FD3B0B92A9}.Release|Android.Deploy.0 = Release|Android
		{E0B7DBC3-AF1A-407F-80BD-80FD3B0B92A9}.Release|Any CPU.ActiveCfg = Release|Android
		{E0B7DBC3-AF1A-407F-80BD-80FD3B0B92A9}.Release|iOS.ActiveCfg = Release|iOS
		{E0B7DBC3-AF1A-407F-80BD-80FD3B0B92A9}.Release|iOS.Build.0 = Release|iOS
		{E0B7DBC3-AF1A-407F-80BD-80FD3B0B92A9}.Release|iOS.Deploy.0 = Release|iOS
		{E0B7DBC3-AF1A-407F-80BD-80FD3B0B92A9}.Release|Mixed Platforms.ActiveCfg = Release|Android
		{E0B7DBC3-AF1A-407F-80BD-80FD3B0B92A9}.Release|Mixed Platforms.Build.0 = Release|Android
		{E0B7DBC3-AF1A-407F-80BD-80FD3B0B92A9}.Release|Mixed Platforms.Deploy.0 = Release|Android
		{E0B7DBC3-AF1A-407F-80BD-80FD3B0B92A9}.Release|Windows Phone (Universal).ActiveCfg = Release|Windows Phone (Universal)
		{E0B7DBC3-AF1A-407F-80BD-80FD3B0B92A9}.Release|Windows Phone (Universal).Build.0 = Release|Windows Phone (Universal)
		{E0B7DBC3-AF1A-407F-80BD-80FD3B0B92A9}.Release|Windows Phone (Universal).Deploy.0 = Release|Windows Phone (Universal)
		{E0B7DBC3-AF1A-407F-80BD-80FD3B0B92A9}.Release|Windows Phone 8.ActiveCfg = Release|Windows Phone 8
		{E0B7DBC3-AF1A-407F-80BD-80FD3B0B92A9}.Release|Windows Phone 8.Build.0 = Release|Windows Phone 8
		{E0B7DBC3-AF1A-407F-80BD-80FD3B0B92A9}.Release|Windows Phone 8.Deploy.0 = Release|Windows Phone 8
		{E0B7DBC3-AF1A-407F-80BD-80FD3B0B92A9}.Release|Windows-AnyCPU.ActiveCfg = Release|Windows-AnyCPU
		{E0B7DBC3-AF1A-407F-80BD-80FD3B0B92A9}.Release|Windows-AnyCPU.Build.0 = Release|Windows-AnyCPU
		{E0B7DBC3-AF1A-407F-80BD-80FD3B0B92A9}.Release|Windows-AnyCPU.Deploy.0 = Release|Windows-AnyCPU
		{E0B7DBC3-AF1A-407F-80BD-80FD3B0B92A9}.Release|Windows-ARM.ActiveCfg = Release|Windows-ARM
		{E0B7DBC3-AF1A-407F-80BD-80FD3B0B92A9}.Release|Windows-ARM.Build.0 = Release|Windows-ARM
		{E0B7DBC3-AF1A-407F-80BD-80FD3B0B92A9}.Release|Windows-ARM.Deploy.0 = Release|Windows-ARM
		{E0B7DBC3-AF1A-407F-80BD-80FD3B0B92A9}.Release|Windows-x64.ActiveCfg = Release|Windows-x64
		{E0B7DBC3-AF1A-407F-80BD-80FD3B0B92A9}.Release|Windows-x64.Build.0 = Release|Windows-x64
		{E0B7DBC3-AF1A-407F-80BD-80FD3B0B92A9}.Release|Windows-x64.Deploy.0 = Release|Windows-x64
		{E0B7DBC3-AF1A-407F-80BD-80FD3B0B92A9}.Release|Windows-x86.ActiveCfg = Release|Windows-x86
		{E0B7DBC3-AF1A-407F-80BD-80FD3B0B92A9}.Release|Windows-x86.Build.0 = Release|Windows-x86
		{E0B7DBC3-AF1A-407F-80BD-80FD3B0B92A9}.Release|Windows-x86.Deploy.0 = Release|Windows-x86
		{EEA76DCE-6C3D-44AE-9B27-B52888E67BF6}.Debug|Android.ActiveCfg = Debug|Android
		{EEA76DCE-6C3D-44AE-9B27-B52888E67BF6}.Debug|Android.Build.0 = Debug|Android
		{EEA76DCE-6C3D-44AE-9B27-B52888E67BF6}.Debug|Android.Deploy.0 = Debug|Android
		{EEA76DCE-6C3D-44AE-9B27-B52888E67BF6}.Debug|Any CPU.ActiveCfg = Debug|Android
		{EEA76DCE-6C3D-44AE-9B27-B52888E67BF6}.Debug|iOS.ActiveCfg = Debug|iOS
		{EEA76DCE-6C3D-44AE-9B27-B52888E67BF6}.Debug|iOS.Build.0 = Debug|iOS
		{EEA76DCE-6C3D-44AE-9B27-B52888E67BF6}.Debug|iOS.Deploy.0 = Debug|iOS
		{EEA76DCE-6C3D-44AE-9B27-B52888E67BF6}.Debug|Mixed Platforms.ActiveCfg = Debug|Android
		{EEA76DCE-6C3D-44AE-9B27-B52888E67BF6}.Debug|Mixed Platforms.Build.0 = Debug|Android
		{EEA76DCE-6C3D-44AE-9B27-B52888E67BF6}.Debug|Mixed Platforms.Deploy.0 = Debug|Android
		{EEA76DCE-6C3D-44AE-9B27-B52888E67BF6}.Debug|Windows Phone (Universal).ActiveCfg = Debug|Windows Phone (Universal)
		{EEA76DCE-6C3D-44AE-9B27-B52888E67BF6}.Debug|Windows Phone (Universal).Build.0 = Debug|Windows Phone (Universal)
		{EEA76DCE-6C3D-44AE-9B27-B52888E67BF6}.Debug|Windows Phone (Universal).Deploy.0 = Debug|Windows Phone (Universal)
		{EEA76DCE-6C3D-44AE-9B27-B52888E67BF6}.Debug|Windows Phone 8.ActiveCfg = Debug|Windows Phone 8
		{EEA76DCE-6C3D-44AE-9B27-B52888E67BF6}.Debug|Windows Phone 8.Build.0 = Debug|Windows Phone 8
		{EEA76DCE-6C3D-44AE-9B27-B52888E67BF6}.Debug|Windows Phone 8.Deploy.0 = Debug|Windows Phone 8
		{EEA76DCE-6C3D-44AE-9B27-B52888E67BF6}.Debug|Windows-AnyCPU.ActiveCfg = Debug|Windows-AnyCPU
		{EEA76DCE-6C3D-44AE-9B27-B52888E67BF6}.Debug|Windows-AnyCPU.Build.0 = Debug|Windows-AnyCPU
		{EEA76DCE-6C3D-44AE-9B27-B52888E67BF6}.Debug|Windows-AnyCPU.Deploy.0 = Debug|Windows-AnyCPU
		{EEA76DCE-6C3D-44AE-9B27-B52888E67BF6}.Debug|Windows-ARM.ActiveCfg = Debug|Windows-ARM
		{EEA76DCE-6C3D-44AE-9B27-B52888E67BF6}.Debug|Windows-ARM.Build.0 = Debug|Windows-ARM
		{EEA76DCE-6C3D-44AE-9B27-B52888E67BF6}.Debug|Windows-ARM.Deploy.0 = Debug|Windows-ARM
		{EEA76DCE-6C3D-44AE-9B27-B52888E67BF6}.Debug|Windows-x64.ActiveCfg = Debug|Windows-x64
		{EEA76DCE-6C3D-44AE-9B27-B52888E67BF6}.Debug|Windows-x64.Build.0 = Debug|Windows-x64
		{EEA76DCE-6C3D-44AE-9B27-B52888E67BF6}.Debug|Windows-x64.Deploy.0 = Debug|Windows-x64
		{EEA76DCE-6C3D-44AE-9B27-B52888E67BF6}.Debug|Windows-x86.ActiveCfg = Debug|Windows-x86
		{EEA76DCE-6C3D-44AE-9B27-B52888E67BF6}.Debug|Windows-x86.Build.0 = Debug|Windows-x86
		{EEA76DCE-6C3D-44AE-9B27-B52888E67BF6}.Debug|Windows-x86.Deploy.0 = Debug|Windows-x86
		{EEA76DCE-6C3D-44AE-9B27-B52888E67BF6}.Distribution|Android.ActiveCfg = Distribution|Android
		{EEA76DCE-6C3D-44AE-9B27-B52888E67BF6}.Distribution|Android.Build.0 = Distribution|Android
		{EEA76DCE-6C3D-44AE-9B27-B52888E67BF6}.Distribution|Android.Deploy.0 = Distribution|Android
		{EEA76DCE-6C3D-44AE-9B27-B52888E67BF6}.Distribution|Any CPU.ActiveCfg = Distribution|Android
		{EEA76DCE-6C3D-44AE-9B27-B52888E67BF6}.Distribution|iOS.ActiveCfg = Distribution|iOS
		{EEA76DCE-6C3D-44AE-9B27-B52888E67BF6}.Distribution|iOS.Build.0 = Distribution|iOS
		{EEA76DCE-6C3D-44AE-9B27-B52888E67BF6}.Distribution|iOS.Deploy.0 = Distribution|iOS
		{EEA76DCE-6C3D-44AE-9B27-B52888E67BF6}.Distribution|Mixed Platforms.ActiveCfg = Distribution|Windows Phone (Universal)
		{EEA76DCE-6C3D-44AE-9B27-B52888E67BF6}.Distribution|Mixed Platforms.Build.0 = Distribution|Windows Phone (Universal)
		{EEA76DCE-6C3D-44AE-9B27-B52888E67BF6}.Distribution|Mixed Platforms.Deploy.0 = Distribution|Windows Phone (Universal)
		{EEA76DCE-6C3D-44AE-9B27-B52888E67BF6}.Distribution|Windows Phone (Universal).ActiveCfg = Distribution|Windows Phone (Universal)
		{EEA76DCE-6C3D-44AE-9B27-B52888E67BF6}.Distribution|Windows Phone (Universal).Build.0 = Distribution|Windows Phone (Universal)
		{EEA76DCE-6C3D-44AE-9B27-B52888E67BF6}.Distribution|Windows Phone (Universal).Deploy.0 = Distribution|Windows Phone (Universal)
		{EEA76DCE-6C3D-44AE-9B27-B52888E67BF6}.Distribution|Windows Phone 8.ActiveCfg = Distribution|Windows Phone 8
		{EEA76DCE-6C3D-44AE-9B27-B52888E67BF6}.Distribution|Windows Phone 8.Build.0 = Distribution|Windows Phone 8
		{EEA76DCE-6C3D-44AE-9B27-B52888E67BF6}.Distribution|Windows Phone 8.Deploy.0 = Distribution|Windows Phone 8
		{EEA76DCE-6C3D-44AE-9B27-B52888E67BF6}.Distribution|Windows-AnyCPU.ActiveCfg = Distribution|Windows-AnyCPU
		{EEA76DCE-6C3D-44AE-9B27-B52888E67BF6}.Distribution|Windows-AnyCPU.Build.0 = Distribution|Windows-AnyCPU
		{EEA76DCE-6C3D-44AE-9B27-B52888E67BF6}.Distribution|Windows-AnyCPU.Deploy.0 = Distribution|Windows-AnyCPU
		{EEA76DCE-6C3D-44AE-9B27-B52888E67BF6}.Distribution|Windows-ARM.ActiveCfg = Distribution|Windows-ARM
		{EEA76DCE-6C3D-44AE-9B27-B52888E67BF6}.Distribution|Windows-ARM.Build.0 = Distribution|Windows-ARM
		{EEA76DCE-6C3D-44AE-9B27-B52888E67BF6}.Distribution|Windows-ARM.Deploy.0 = Distribution|Windows-ARM
		{EEA76DCE-6C3D-44AE-9B27-B52888E67BF6}.Distribution|Windows-x64.ActiveCfg = Distribution|Windows-x64
		{EEA76DCE-6C3D-44AE-9B27-B52888E67BF6}.Distribution|Windows-x64.Build.0 = Distribution|Windows-x64
		{EEA76DCE-6C3D-44AE-9B27-B52888E67BF6}.Distribution|Windows-x64.Deploy.0 = Distribution|Windows-x64
		{EEA76DCE-6C3D-44AE-9B27-B52888E67BF6}.Distribution|Windows-x86.ActiveCfg = Distribution|Windows-x86
		{EEA76DCE-6C3D-44AE-9B27-B52888E67BF6}.Distribution|Windows-x86.Build.0 = Distribution|Windows-x86
		{EEA76DCE-6C3D-44AE-9B27-B52888E67BF6}.Distribution|Windows-x86.Deploy.0 = Distribution|Windows-x86
		{EEA76DCE-6C3D-44AE-9B27-B52888E67BF6}.Release|Android.ActiveCfg = Release|Android
		{EEA76DCE-6C3D-44AE-9B27-B52888E67BF6}.Release|Android.Build.0 = Release|Android
		{EEA76DCE-6C3D-44AE-9B27-B52888E67BF6}.Release|Android.Deploy.0 = Release|Android
		{EEA76DCE-6C3D-44AE-9B27-B52888E67BF6}.Release|Any CPU.ActiveCfg = Release|Android
		{EEA76DCE-6C3D-44AE-9B27-B52888E67BF6}.Release|iOS.ActiveCfg = Release|iOS
		{EEA76DCE-6C3D-44AE-9B27-B52888E67BF6}.Release|iOS.Build.0 = Release|iOS
		{EEA76DCE-6C3D-44AE-9B27-B52888E67BF6}.Release|iOS.Deploy.0 = Release|iOS
		{EEA76DCE-6C3D-44AE-9B27-B52888E67BF6}.Release|Mixed Platforms.ActiveCfg = Release|Android
		{EEA76DCE-6C3D-44AE-9B27-B52888E67BF6}.Release|Mixed Platforms.Build.0 = Release|Android
		{EEA76DCE-6C3D-44AE-9B27-B52888E67BF6}.Release|Mixed Platforms.Deploy.0 = Release|Android
		{EEA76DCE-6C3D-44AE-9B27-B52888E67BF6}.Release|Windows Phone (Universal).ActiveCfg = Release|Windows Phone (Universal)
		{EEA76DCE-6C3D-44AE-9B27-B52888E67BF6}.Release|Windows Phone (Universal).Build.0 = Release|Windows Phone (Universal)
		{EEA76DCE-6C3D-44AE-9B27-B52888E67BF6}.Release|Windows Phone (Universal).Deploy.0 = Release|Windows Phone (Universal)
		{EEA76DCE-6C3D-44AE-9B27-B52888E67BF6}.Release|Windows Phone 8.ActiveCfg = Release|Windows Phone 8
		{EEA76DCE-6C3D-44AE-9B27-B52888E67BF6}.Release|Windows Phone 8.Build.0 = Release|Windows Phone 8
		{EEA76DCE-6C3D-44AE-9B27-B52888E67BF6}.Release|Windows Phone 8.Deploy.0 = Release|Windows Phone 8
		{EEA76DCE-6C3D-44AE-9B27-B52888E67BF6}.Release|Windows-AnyCPU.ActiveCfg = Release|Windows-AnyCPU
		{EEA76DCE-6C3D-44AE-9B27-B52888E67BF6}.Release|Windows-AnyCPU.Build.0 = Release|Windows-AnyCPU
		{EEA76DCE-6C3D-44AE-9B27-B52888E67BF6}.Release|Windows-AnyCPU.Deploy.0 = Release|Windows-AnyCPU
		{EEA76DCE-6C3D-44AE-9B27-B52888E67BF6}.Release|Windows-ARM.ActiveCfg = Release|Windows-ARM
		{EEA76DCE-6C3D-44AE-9B27-B52888E67BF6}.Release|Windows-ARM.Build.0 = Release|Windows-ARM
		{EEA76DCE-6C3D-44AE-9B27-B52888E67BF6}.Release|Windows-ARM.Deploy.0 = Release|Windows-ARM
		{EEA76DCE-6C3D-44AE-9B27-B52888E67BF6}.Release|Windows-x64.ActiveCfg = Release|Windows-x64
		{EEA76DCE-6C3D-44AE-9B27-B52888E67BF6}.Release|Windows-x64.Build.0 = Release|Windows-x64
		{EEA76DCE-6C3D-44AE-9B27-B52888E67BF6}.Release|Windows-x64.Deploy.0 = Release|Windows-x64
		{EEA76DCE-6C3D-44AE-9B27-B52888E67BF6}.Release|Windows-x86.ActiveCfg = Release|Windows-x86
		{EEA76DCE-6C3D-44AE-9B27-B52888E67BF6}.Release|Windows-x86.Build.0 = Release|Windows-x86
		{EEA76DCE-6C3D-44AE-9B27-B52888E67BF6}.Release|Windows-x86.Deploy.0 = Release|Windows-x86
		{CA0175F1-03D4-4D39-B38C-6E180F7C0584}.Debug|Android.ActiveCfg = Debug|Any CPU
		{CA0175F1-03D4-4D39-B38C-6E180F7C0584}.Debug|Any CPU.ActiveCfg = Debug|Any CPU
		{CA0175F1-03D4-4D39-B38C-6E180F7C0584}.Debug|Any CPU.Build.0 = Debug|Any CPU
		{CA0175F1-03D4-4D39-B38C-6E180F7C0584}.Debug|iOS.ActiveCfg = Debug|Any CPU
		{CA0175F1-03D4-4D39-B38C-6E180F7C0584}.Debug|Mixed Platforms.ActiveCfg = Debug|Any CPU
		{CA0175F1-03D4-4D39-B38C-6E180F7C0584}.Debug|Mixed Platforms.Build.0 = Debug|Any CPU
		{CA0175F1-03D4-4D39-B38C-6E180F7C0584}.Debug|Windows Phone (Universal).ActiveCfg = Debug|Any CPU
		{CA0175F1-03D4-4D39-B38C-6E180F7C0584}.Debug|Windows Phone 8.ActiveCfg = Debug|Any CPU
		{CA0175F1-03D4-4D39-B38C-6E180F7C0584}.Debug|Windows-AnyCPU.ActiveCfg = Debug|Any CPU
		{CA0175F1-03D4-4D39-B38C-6E180F7C0584}.Debug|Windows-ARM.ActiveCfg = Debug|Any CPU
		{CA0175F1-03D4-4D39-B38C-6E180F7C0584}.Debug|Windows-x64.ActiveCfg = Debug|Any CPU
		{CA0175F1-03D4-4D39-B38C-6E180F7C0584}.Debug|Windows-x86.ActiveCfg = Debug|Any CPU
		{CA0175F1-03D4-4D39-B38C-6E180F7C0584}.Distribution|Android.ActiveCfg = Debug|Any CPU
		{CA0175F1-03D4-4D39-B38C-6E180F7C0584}.Distribution|Any CPU.ActiveCfg = Debug|Any CPU
		{CA0175F1-03D4-4D39-B38C-6E180F7C0584}.Distribution|Any CPU.Build.0 = Debug|Any CPU
		{CA0175F1-03D4-4D39-B38C-6E180F7C0584}.Distribution|iOS.ActiveCfg = Debug|Any CPU
		{CA0175F1-03D4-4D39-B38C-6E180F7C0584}.Distribution|Mixed Platforms.ActiveCfg = Debug|Any CPU
		{CA0175F1-03D4-4D39-B38C-6E180F7C0584}.Distribution|Mixed Platforms.Build.0 = Debug|Any CPU
		{CA0175F1-03D4-4D39-B38C-6E180F7C0584}.Distribution|Windows Phone (Universal).ActiveCfg = Debug|Any CPU
		{CA0175F1-03D4-4D39-B38C-6E180F7C0584}.Distribution|Windows Phone 8.ActiveCfg = Debug|Any CPU
		{CA0175F1-03D4-4D39-B38C-6E180F7C0584}.Distribution|Windows-AnyCPU.ActiveCfg = Debug|Any CPU
		{CA0175F1-03D4-4D39-B38C-6E180F7C0584}.Distribution|Windows-ARM.ActiveCfg = Debug|Any CPU
		{CA0175F1-03D4-4D39-B38C-6E180F7C0584}.Distribution|Windows-x64.ActiveCfg = Debug|Any CPU
		{CA0175F1-03D4-4D39-B38C-6E180F7C0584}.Distribution|Windows-x86.ActiveCfg = Debug|Any CPU
		{CA0175F1-03D4-4D39-B38C-6E180F7C0584}.Release|Android.ActiveCfg = Release|Any CPU
		{CA0175F1-03D4-4D39-B38C-6E180F7C0584}.Release|Any CPU.ActiveCfg = Release|Any CPU
		{CA0175F1-03D4-4D39-B38C-6E180F7C0584}.Release|Any CPU.Build.0 = Release|Any CPU
		{CA0175F1-03D4-4D39-B38C-6E180F7C0584}.Release|iOS.ActiveCfg = Release|Any CPU
		{CA0175F1-03D4-4D39-B38C-6E180F7C0584}.Release|Mixed Platforms.ActiveCfg = Release|Any CPU
		{CA0175F1-03D4-4D39-B38C-6E180F7C0584}.Release|Mixed Platforms.Build.0 = Release|Any CPU
		{CA0175F1-03D4-4D39-B38C-6E180F7C0584}.Release|Windows Phone (Universal).ActiveCfg = Release|Any CPU
		{CA0175F1-03D4-4D39-B38C-6E180F7C0584}.Release|Windows Phone 8.ActiveCfg = Release|Any CPU
		{CA0175F1-03D4-4D39-B38C-6E180F7C0584}.Release|Windows-AnyCPU.ActiveCfg = Release|Any CPU
		{CA0175F1-03D4-4D39-B38C-6E180F7C0584}.Release|Windows-ARM.ActiveCfg = Release|Any CPU
		{CA0175F1-03D4-4D39-B38C-6E180F7C0584}.Release|Windows-x64.ActiveCfg = Release|Any CPU
		{CA0175F1-03D4-4D39-B38C-6E180F7C0584}.Release|Windows-x86.ActiveCfg = Release|Any CPU
	EndGlobalSection
	GlobalSection(SolutionProperties) = preSolution
		HideSolutionNode = FALSE
	EndGlobalSection
EndGlobal
